
Microsoft Visual Studio Solution File, Format Version 12.00
# Visual Studio 15
VisualStudioVersion = 15.0.28307.329
MinimumVisualStudioVersion = 10.0.40219.1
Project("{FAE04EC0-301F-11D3-BF4B-00C04F79EFBC}") = "ProgramUsingHTMLAgilityPack", "ProgramUsingHTMLAgilityPack\ProgramUsingHTMLAgilityPack.csproj", "{4F081CDD-38A4-4E57-A533-DC4F0CF57C03}"
EndProject
Global
	GlobalSection(SolutionConfigurationPlatforms) = preSolution
		Debug|Any CPU = Debug|Any CPU
		Release|Any CPU = Release|Any CPU
	EndGlobalSection
	GlobalSection(ProjectConfigurationPlatforms) = postSolution
		{4F081CDD-38A4-4E57-A533-DC4F0CF57C03}.Debug|Any CPU.ActiveCfg = Debug|Any CPU
		{4F081CDD-38A4-4E57-A533-DC4F0CF57C03}.Debug|Any CPU.Build.0 = Debug|Any CPU
		{4F081CDD-38A4-4E57-A533-DC4F0CF57C03}.Release|Any CPU.ActiveCfg = Release|Any CPU
		{4F081CDD-38A4-4E57-A533-DC4F0CF57C03}.Release|Any CPU.Build.0 = Release|Any CPU
	EndGlobalSection
	GlobalSection(SolutionProperties) = preSolution
		HideSolutionNode = FALSE
	EndGlobalSection
	GlobalSection(ExtensibilityGlobals) = postSolution
		SolutionGuid = {5094FC22-0871-452F-8787-CF5DCC271D62}
	EndGlobalSection
EndGlobal
